// !$*UTF8*$!
{
	archiveVersion = 1;
	classes = {
	};
	objectVersion = 56;
	objects = {

/* Begin PBXBuildFile section */
		BFFA110B29AA97AF000FE317 /* EvaluationAppApp.swift in Sources */ = {isa = PBXBuildFile; fileRef = BFFA110A29AA97AF000FE317 /* EvaluationAppApp.swift */; };
		BFFA110D29AA97AF000FE317 /* ContentView.swift in Sources */ = {isa = PBXBuildFile; fileRef = BFFA110C29AA97AF000FE317 /* ContentView.swift */; };
		BFFA110F29AA97B0000FE317 /* Assets.xcassets in Resources */ = {isa = PBXBuildFile; fileRef = BFFA110E29AA97B0000FE317 /* Assets.xcassets */; };
		BFFA111229AA97B0000FE317 /* Preview Assets.xcassets in Resources */ = {isa = PBXBuildFile; fileRef = BFFA111129AA97B0000FE317 /* Preview Assets.xcassets */; };
		BFFA111D29AAABDB000FE317 /* SurveyView.swift in Sources */ = {isa = PBXBuildFile; fileRef = BFFA111C29AAABDB000FE317 /* SurveyView.swift */; };
		BFFA111F29AAC08E000FE317 /* ResultView.swift in Sources */ = {isa = PBXBuildFile; fileRef = BFFA111E29AAC08E000FE317 /* ResultView.swift */; };
		BFFA112129AAD1BE000FE317 /* RecommendationRow.swift in Sources */ = {isa = PBXBuildFile; fileRef = BFFA112029AAD1BE000FE317 /* RecommendationRow.swift */; };
/* End PBXBuildFile section */

/* Begin PBXFileReference section */
		BFFA110729AA97AF000FE317 /* EvaluationApp.app */ = {isa = PBXFileReference; explicitFileType = wrapper.application; includeInIndex = 0; path = EvaluationApp.app; sourceTree = BUILT_PRODUCTS_DIR; };
		BFFA110A29AA97AF000FE317 /* EvaluationAppApp.swift */ = {isa = PBXFileReference; lastKnownFileType = sourcecode.swift; path = EvaluationAppApp.swift; sourceTree = "<group>"; };
		BFFA110C29AA97AF000FE317 /* ContentView.swift */ = {isa = PBXFileReference; lastKnownFileType = sourcecode.swift; path = ContentView.swift; sourceTree = "<group>"; };
		BFFA110E29AA97B0000FE317 /* Assets.xcassets */ = {isa = PBXFileReference; lastKnownFileType = folder.assetcatalog; path = Assets.xcassets; sourceTree = "<group>"; };
		BFFA111129AA97B0000FE317 /* Preview Assets.xcassets */ = {isa = PBXFileReference; lastKnownFileType = folder.assetcatalog; path = "Preview Assets.xcassets"; sourceTree = "<group>"; };
		BFFA111C29AAABDB000FE317 /* SurveyView.swift */ = {isa = PBXFileReference; lastKnownFileType = sourcecode.swift; path = SurveyView.swift; sourceTree = "<group>"; };
		BFFA111E29AAC08E000FE317 /* ResultView.swift */ = {isa = PBXFileReference; lastKnownFileType = sourcecode.swift; path = ResultView.swift; sourceTree = "<group>"; };
		BFFA112029AAD1BE000FE317 /* RecommendationRow.swift */ = {isa = PBXFileReference; lastKnownFileType = sourcecode.swift; path = RecommendationRow.swift; sourceTree = "<group>"; };
/* End PBXFileReference section */

/* Begin PBXFrameworksBuildPhase section */
		BFFA110429AA97AF000FE317 /* Frameworks */ = {
			isa = PBXFrameworksBuildPhase;
			buildActionMask = 2147483647;
			files = (
			);
			runOnlyForDeploymentPostprocessing = 0;
		};
/* End PBXFrameworksBuildPhase section */

/* Begin PBXGroup section */
		BFFA10FE29AA97AF000FE317 = {
			isa = PBXGroup;
			children = (
				BFFA110929AA97AF000FE317 /* EvaluationApp */,
				BFFA110829AA97AF000FE317 /* Products */,
			);
			sourceTree = "<group>";
		};
		BFFA110829AA97AF000FE317 /* Products */ = {
			isa = PBXGroup;
			children = (
				BFFA110729AA97AF000FE317 /* EvaluationApp.app */,
			);
			name = Products;
			sourceTree = "<group>";
		};
		BFFA110929AA97AF000FE317 /* EvaluationApp */ = {
			isa = PBXGroup;
			children = (
				BFFA110A29AA97AF000FE317 /* EvaluationAppApp.swift */,
				BFFA110C29AA97AF000FE317 /* ContentView.swift */,
				BFFA110E29AA97B0000FE317 /* Assets.xcassets */,
				BFFA111029AA97B0000FE317 /* Preview Content */,
				BFFA111C29AAABDB000FE317 /* SurveyView.swift */,
				BFFA111E29AAC08E000FE317 /* ResultView.swift */,
				BFFA112029AAD1BE000FE317 /* RecommendationRow.swift */,
			);
			path = EvaluationApp;
			sourceTree = "<group>";
		};
		BFFA111029AA97B0000FE317 /* Preview Content */ = {
			isa = PBXGroup;
			children = (
				BFFA111129AA97B0000FE317 /* Preview Assets.xcassets */,
			);
			path = "Preview Content";
			sourceTree = "<group>";
		};
/* End PBXGroup section */

/* Begin PBXNativeTarget section */
		BFFA110629AA97AF000FE317 /* EvaluationApp */ = {
			isa = PBXNativeTarget;
			buildConfigurationList = BFFA111529AA97B0000FE317 /* Build configuration list for PBXNativeTarget "EvaluationApp" */;
			buildPhases = (
				BFFA110329AA97AF000FE317 /* Sources */,
				BFFA110429AA97AF000FE317 /* Frameworks */,
				BFFA110529AA97AF000FE317 /* Resources */,
			);
			buildRules = (
			);
			dependencies = (
			);
			name = EvaluationApp;
			productName = EvaluationApp;
			productReference = BFFA110729AA97AF000FE317 /* EvaluationApp.app */;
			productType = "com.apple.product-type.application";
		};
/* End PBXNativeTarget section */

/* Begin PBXProject section */
		BFFA10FF29AA97AF000FE317 /* Project object */ = {
			isa = PBXProject;
			attributes = {
				BuildIndependentTargetsInParallel = 1;
				LastSwiftUpdateCheck = 1420;
				LastUpgradeCheck = 1420;
				TargetAttributes = {
					BFFA110629AA97AF000FE317 = {
						CreatedOnToolsVersion = 14.2;
					};
				};
			};
			buildConfigurationList = BFFA110229AA97AF000FE317 /* Build configuration list for PBXProject "EvaluationApp" */;
			compatibilityVersion = "Xcode 14.0";
			developmentRegion = en;
			hasScannedForEncodings = 0;
			knownRegions = (
				en,
				Base,
			);
			mainGroup = BFFA10FE29AA97AF000FE317;
			productRefGroup = BFFA110829AA97AF000FE317 /* Products */;
			projectDirPath = "";
			projectRoot = "";
			targets = (
				BFFA110629AA97AF000FE317 /* EvaluationApp */,
			);
		};
/* End PBXProject section */

/* Begin PBXResourcesBuildPhase section */
		BFFA110529AA97AF000FE317 /* Resources */ = {
			isa = PBXResourcesBuildPhase;
			buildActionMask = 2147483647;
			files = (
				BFFA111229AA97B0000FE317 /* Preview Assets.xcassets in Resources */,
				BFFA110F29AA97B0000FE317 /* Assets.xcassets in Resources */,
			);
			runOnlyForDeploymentPostprocessing = 0;
		};
/* End PBXResourcesBuildPhase section */

/* Begin PBXSourcesBuildPhase section */
		BFFA110329AA97AF000FE317 /* Sources */ = {
			isa = PBXSourcesBuildPhase;
			buildActionMask = 2147483647;
			files = (
				BFFA110D29AA97AF000FE317 /* ContentView.swift in Sources */,
				BFFA111D29AAABDB000FE317 /* SurveyView.swift in Sources */,
				BFFA112129AAD1BE000FE317 /* RecommendationRow.swift in Sources */,
				BFFA110B29AA97AF000FE317 /* EvaluationAppApp.swift in Sources */,
				BFFA111F29AAC08E000FE317 /* ResultView.swift in Sources */,
			);
			runOnlyForDeploymentPostprocessing = 0;
		};
/* End PBXSourcesBuildPhase section */

/* Begin XCBuildConfiguration section */
		BFFA111329AA97B0000FE317 /* Debug */ = {
			isa = XCBuildConfiguration;
			buildSettings = {
				ALWAYS_SEARCH_USER_PATHS = NO;
				CLANG_ANALYZER_NONNULL = YES;
				CLANG_ANALYZER_NUMBER_OBJECT_CONVERSION = YES_AGGRESSIVE;
				CLANG_CXX_LANGUAGE_STANDARD = "gnu++20";
				CLANG_ENABLE_MODULES = YES;
				CLANG_ENABLE_OBJC_ARC = YES;
				CLANG_ENABLE_OBJC_WEAK = YES;
				CLANG_WARN_BLOCK_CAPTURE_AUTORELEASING = YES;
				CLANG_WARN_BOOL_CONVERSION = YES;
				CLANG_WARN_COMMA = YES;
				CLANG_WARN_CONSTANT_CONVERSION = YES;
				CLANG_WARN_DEPRECATED_OBJC_IMPLEMENTATIONS = YES;
				CLANG_WARN_DIRECT_OBJC_ISA_USAGE = YES_ERROR;
				CLANG_WARN_DOCUMENTATION_COMMENTS = YES;
				CLANG_WARN_EMPTY_BODY = YES;
				CLANG_WARN_ENUM_CONVERSION = YES;
				CLANG_WARN_INFINITE_RECURSION = YES;
				CLANG_WARN_INT_CONVERSION = YES;
				CLANG_WARN_NON_LITERAL_NULL_CONVERSION = YES;
				CLANG_WARN_OBJC_IMPLICIT_RETAIN_SELF = YES;
				CLANG_WARN_OBJC_LITERAL_CONVERSION = YES;
				CLANG_WARN_OBJC_ROOT_CLASS = YES_ERROR;
				CLANG_WARN_QUOTED_INCLUDE_IN_FRAMEWORK_HEADER = YES;
				CLANG_WARN_RANGE_LOOP_ANALYSIS = YES;
				CLANG_WARN_STRICT_PROTOTYPES = YES;
				CLANG_WARN_SUSPICIOUS_MOVE = YES;
				CLANG_WARN_UNGUARDED_AVAILABILITY = YES_AGGRESSIVE;
				CLANG_WARN_UNREACHABLE_CODE = YES;
				CLANG_WARN__DUPLICATE_METHOD_MATCH = YES;
				COPY_PHASE_STRIP = NO;
				DEBUG_INFORMATION_FORMAT = dwarf;
				ENABLE_STRICT_OBJC_MSGSEND = YES;
				ENABLE_TESTABILITY = YES;
				GCC_C_LANGUAGE_STANDARD = gnu11;
				GCC_DYNAMIC_NO_PIC = NO;
				GCC_NO_COMMON_BLOCKS = YES;
				GCC_OPTIMIZATION_LEVEL = 0;
				GCC_PREPROCESSOR_DEFINITIONS = (
					"DEBUG=1",
					"$(inherited)",
				);
				GCC_WARN_64_TO_32_BIT_CONVERSION = YES;
				GCC_WARN_ABOUT_RETURN_TYPE = YES_ERROR;
				GCC_WARN_UNDECLARED_SELECTOR = YES;
				GCC_WARN_UNINITIALIZED_AUTOS = YES_AGGRESSIVE;
				GCC_WARN_UNUSED_FUNCTION = YES;
				GCC_WARN_UNUSED_VARIABLE = YES;
				IPHONEOS_DEPLOYMENT_TARGET = 16.2;
				MTL_ENABLE_DEBUG_INFO = INCLUDE_SOURCE;
				MTL_FAST_MATH = YES;
				ONLY_ACTIVE_ARCH = YES;
				SDKROOT = iphoneos;
				SWIFT_ACTIVE_COMPILATION_CONDITIONS = DEBUG;
				SWIFT_OPTIMIZATION_LEVEL = "-Onone";
			};
			name = Debug;
		};
		BFFA111429AA97B0000FE317 /* Release */ = {
			isa = XCBuildConfiguration;
			buildSettings = {
				ALWAYS_SEARCH_USER_PATHS = NO;
				CLANG_ANALYZER_NONNULL = YES;
				CLANG_ANALYZER_NUMBER_OBJECT_CONVERSION = YES_AGGRESSIVE;
				CLANG_CXX_LANGUAGE_STANDARD = "gnu++20";
				CLANG_ENABLE_MODULES = YES;
				CLANG_ENABLE_OBJC_ARC = YES;
				CLANG_ENABLE_OBJC_WEAK = YES;
				CLANG_WARN_BLOCK_CAPTURE_AUTORELEASING = YES;
				CLANG_WARN_BOOL_CONVERSION = YES;
				CLANG_WARN_COMMA = YES;
				CLANG_WARN_CONSTANT_CONVERSION = YES;
				CLANG_WARN_DEPRECATED_OBJC_IMPLEMENTATIONS = YES;
				CLANG_WARN_DIRECT_OBJC_ISA_USAGE = YES_ERROR;
				CLANG_WARN_DOCUMENTATION_COMMENTS = YES;
				CLANG_WARN_EMPTY_BODY = YES;
				CLANG_WARN_ENUM_CONVERSION = YES;
				CLANG_WARN_INFINITE_RECURSION = YES;
				CLANG_WARN_INT_CONVERSION = YES;
				CLANG_WARN_NON_LITERAL_NULL_CONVERSION = YES;
				CLANG_WARN_OBJC_IMPLICIT_RETAIN_SELF = YES;
				CLANG_WARN_OBJC_LITERAL_CONVERSION = YES;
				CLANG_WARN_OBJC_ROOT_CLASS = YES_ERROR;
				CLANG_WARN_QUOTED_INCLUDE_IN_FRAMEWORK_HEADER = YES;
				CLANG_WARN_RANGE_LOOP_ANALYSIS = YES;
				CLANG_WARN_STRICT_PROTOTYPES = YES;
				CLANG_WARN_SUSPICIOUS_MOVE = YES;
				CLANG_WARN_UNGUARDED_AVAILABILITY = YES_AGGRESSIVE;
				CLANG_WARN_UNREACHABLE_CODE = YES;
				CLANG_WARN__DUPLICATE_METHOD_MATCH = YES;
				COPY_PHASE_STRIP = NO;
				DEBUG_INFORMATION_FORMAT = "dwarf-with-dsym";
				ENABLE_NS_ASSERTIONS = NO;
				ENABLE_STRICT_OBJC_MSGSEND = YES;
				GCC_C_LANGUAGE_STANDARD = gnu11;
				GCC_NO_COMMON_BLOCKS = YES;
				GCC_WARN_64_TO_32_BIT_CONVERSION = YES;
				GCC_WARN_ABOUT_RETURN_TYPE = YES_ERROR;
				GCC_WARN_UNDECLARED_SELECTOR = YES;
				GCC_WARN_UNINITIALIZED_AUTOS = YES_AGGRESSIVE;
				GCC_WARN_UNUSED_FUNCTION = YES;
				GCC_WARN_UNUSED_VARIABLE = YES;
				IPHONEOS_DEPLOYMENT_TARGET = 16.2;
				MTL_ENABLE_DEBUG_INFO = NO;
				MTL_FAST_MATH = YES;
				SDKROOT = iphoneos;
				SWIFT_COMPILATION_MODE = wholemodule;
				SWIFT_OPTIMIZATION_LEVEL = "-O";
				VALIDATE_PRODUCT = YES;
			};
			name = Release;
		};
		BFFA111629AA97B0000FE317 /* Debug */ = {
			isa = XCBuildConfiguration;
			buildSettings = {
				ASSETCATALOG_COMPILER_APPICON_NAME = AppIcon;
				ASSETCATALOG_COMPILER_GLOBAL_ACCENT_COLOR_NAME = AccentColor;
				CODE_SIGN_STYLE = Automatic;
				CURRENT_PROJECT_VERSION = 1;
				DEVELOPMENT_ASSET_PATHS = "\"EvaluationApp/Preview Content\"";
				DEVELOPMENT_TEAM = 77VVRGG9GS;
				ENABLE_PREVIEWS = YES;
				GENERATE_INFOPLIST_FILE = YES;
				INFOPLIST_KEY_UIApplicationSceneManifest_Generation = YES;
				INFOPLIST_KEY_UIApplicationSupportsIndirectInputEvents = YES;
				INFOPLIST_KEY_UILaunchScreen_Generation = YES;
				INFOPLIST_KEY_UISupportedInterfaceOrientations_iPad = "UIInterfaceOrientationPortrait UIInterfaceOrientationPortraitUpsideDown UIInterfaceOrientationLandscapeLeft UIInterfaceOrientationLandscapeRight";
				INFOPLIST_KEY_UISupportedInterfaceOrientations_iPhone = "UIInterfaceOrientationPortrait UIInterfaceOrientationLandscapeLeft UIInterfaceOrientationLandscapeRight";
				LD_RUNPATH_SEARCH_PATHS = (
					"$(inherited)",
					"@executable_path/Frameworks",
				);
				MARKETING_VERSION = 1.0;
				PRODUCT_BUNDLE_IDENTIFIER = com.huanzhou.EvaluationApp;
				PRODUCT_NAME = "$(TARGET_NAME)";
				SWIFT_EMIT_LOC_STRINGS = YES;
				SWIFT_VERSION = 5.0;
				TARGETED_DEVICE_FAMILY = "1,2";
			};
			name = Debug;
		};
		BFFA111729AA97B0000FE317 /* Release */ = {
			isa = XCBuildConfiguration;
			buildSettings = {
				ASSETCATALOG_COMPILER_APPICON_NAME = AppIcon;
				ASSETCATALOG_COMPILER_GLOBAL_ACCENT_COLOR_NAME = AccentColor;
				CODE_SIGN_STYLE = Automatic;
				CURRENT_PROJECT_VERSION = 1;
				DEVELOPMENT_ASSET_PATHS = "\"EvaluationApp/Preview Content\"";
				DEVELOPMENT_TEAM = 77VVRGG9GS;
				ENABLE_PREVIEWS = YES;
				GENERATE_INFOPLIST_FILE = YES;
				INFOPLIST_KEY_UIApplicationSceneManifest_Generation = YES;
				INFOPLIST_KEY_UIApplicationSupportsIndirectInputEvents = YES;
				INFOPLIST_KEY_UILaunchScreen_Generation = YES;
				INFOPLIST_KEY_UISupportedInterfaceOrientations_iPad = "UIInterfaceOrientationPortrait UIInterfaceOrientationPortraitUpsideDown UIInterfaceOrientationLandscapeLeft UIInterfaceOrientationLandscapeRight";
				INFOPLIST_KEY_UISupportedInterfaceOrientations_iPhone = "UIInterfaceOrientationPortrait UIInterfaceOrientationLandscapeLeft UIInterfaceOrientationLandscapeRight";
				LD_RUNPATH_SEARCH_PATHS = (
					"$(inherited)",
					"@executable_path/Frameworks",
				);
				MARKETING_VERSION = 1.0;
				PRODUCT_BUNDLE_IDENTIFIER = com.huanzhou.EvaluationApp;
				PRODUCT_NAME = "$(TARGET_NAME)";
				SWIFT_EMIT_LOC_STRINGS = YES;
				SWIFT_VERSION = 5.0;
				TARGETED_DEVICE_FAMILY = "1,2";
			};
			name = Release;
		};
/* End XCBuildConfiguration section */

/* Begin XCConfigurationList section */
		BFFA110229AA97AF000FE317 /* Build configuration list for PBXProject "EvaluationApp" */ = {
			isa = XCConfigurationList;
			buildConfigurations = (
				BFFA111329AA97B0000FE317 /* Debug */,
				BFFA111429AA97B0000FE317 /* Release */,
			);
			defaultConfigurationIsVisible = 0;
			defaultConfigurationName = Release;
		};
		BFFA111529AA97B0000FE317 /* Build configuration list for PBXNativeTarget "EvaluationApp" */ = {
			isa = XCConfigurationList;
			buildConfigurations = (
				BFFA111629AA97B0000FE317 /* Debug */,
				BFFA111729AA97B0000FE317 /* Release */,
			);
			defaultConfigurationIsVisible = 0;
			defaultConfigurationName = Release;
		};
/* End XCConfigurationList section */
	};
	rootObject = BFFA10FF29AA97AF000FE317 /* Project object */;
}
